# THIS IS AN AUTOGENERATED FILE. DO NOT EDIT THIS FILE DIRECTLY.
# yarn lockfile v1


insomnia-cookies@^0.0.13:
  version "0.0.13"
  resolved "https://registry.yarnpkg.com/insomnia-cookies/-/insomnia-cookies-0.0.13.tgz#fd60acb371a567cdec76d533b1a53b3c9489ff02"
  dependencies:
    tough-cookie "^2.3.3"

psl@^1.1.28:
  version "1.8.0"
  resolved "https://registry.yarnpkg.com/psl/-/psl-1.8.0.tgz#9326f8bcfb013adcc005fdff056acce020e51c24"

punycode@^2.1.1:
  version "2.1.1"
  resolved "https://registry.yarnpkg.com/punycode/-/punycode-2.1.1.tgz#b58b010ac40c22c5657616c8d2c2c02c7bf479ec"

tough-cookie@^2.3.3:
  version "2.5.0"
  resolved "https://registry.yarnpkg.com/tough-cookie/-/tough-cookie-2.5.0.tgz#cd9fb2a0aa1d5a12b473bd9fb96fa3dcff65ade2"
  dependencies:
    psl "^1.1.28"
    punycode "^2.1.1"

xmldom@^0.5.0:
  version "0.5.0"
  resolved "https://registry.yarnpkg.com/xmldom/-/xmldom-0.5.0.tgz#193cb96b84aa3486127ea6272c4596354cb4962e"

xpath@0.0.27:
  version "0.0.27"
  resolved "https://registry.yarnpkg.com/xpath/-/xpath-0.0.27.tgz#dd3421fbdcc5646ac32c48531b4d7e9d0c2cfa92"
